
Microsoft Visual Studio Solution File, Format Version 12.00
# Visual Studio Version 17
VisualStudioVersion = 17.5.33627.172
MinimumVisualStudioVersion = 10.0.40219.1
Project("{FAE04EC0-301F-11D3-BF4B-00C04F79EFBC}") = "SAE 2.01", "SAE 2.01\SAE 2.01.csproj", "{C8708B84-9FA1-46C6-B856-3E3F4378E05D}"
EndProject
Global
	GlobalSection(SolutionConfigurationPlatforms) = preSolution
		Debug|Any CPU = Debug|Any CPU
		Debug|x64 = Debug|x64
		Release|Any CPU = Release|Any CPU
		Release|x64 = Release|x64
		SAE 2.01 LIVRABLE|Any CPU = SAE 2.01 LIVRABLE|Any CPU
		SAE 2.01 LIVRABLE|x64 = SAE 2.01 LIVRABLE|x64
	EndGlobalSection
	GlobalSection(ProjectConfigurationPlatforms) = postSolution
		{C8708B84-9FA1-46C6-B856-3E3F4378E05D}.Debug|Any CPU.ActiveCfg = Debug|Any CPU
		{C8708B84-9FA1-46C6-B856-3E3F4378E05D}.Debug|Any CPU.Build.0 = Debug|Any CPU
		{C8708B84-9FA1-46C6-B856-3E3F4378E05D}.Debug|x64.ActiveCfg = Debug|x64
		{C8708B84-9FA1-46C6-B856-3E3F4378E05D}.Debug|x64.Build.0 = Debug|x64
		{C8708B84-9FA1-46C6-B856-3E3F4378E05D}.Release|Any CPU.ActiveCfg = Release|Any CPU
		{C8708B84-9FA1-46C6-B856-3E3F4378E05D}.Release|Any CPU.Build.0 = Release|Any CPU
		{C8708B84-9FA1-46C6-B856-3E3F4378E05D}.Release|x64.ActiveCfg = Release|x64
		{C8708B84-9FA1-46C6-B856-3E3F4378E05D}.Release|x64.Build.0 = Release|x64
		{C8708B84-9FA1-46C6-B856-3E3F4378E05D}.SAE 2.01 LIVRABLE|Any CPU.ActiveCfg = SAE 2.01 LIVRABLE|Any CPU
		{C8708B84-9FA1-46C6-B856-3E3F4378E05D}.SAE 2.01 LIVRABLE|Any CPU.Build.0 = SAE 2.01 LIVRABLE|Any CPU
		{C8708B84-9FA1-46C6-B856-3E3F4378E05D}.SAE 2.01 LIVRABLE|x64.ActiveCfg = SAE 2.01 LIVRABLE|x64
		{C8708B84-9FA1-46C6-B856-3E3F4378E05D}.SAE 2.01 LIVRABLE|x64.Build.0 = SAE 2.01 LIVRABLE|x64
	EndGlobalSection
	GlobalSection(SolutionProperties) = preSolution
		HideSolutionNode = FALSE
	EndGlobalSection
	GlobalSection(ExtensibilityGlobals) = postSolution
		SolutionGuid = {1BD77AAE-610C-44C0-94C1-C9BCD2F3C334}
	EndGlobalSection
EndGlobal
